
Microsoft Visual Studio Solution File, Format Version 12.00
# Visual Studio Version 17
VisualStudioVersion = 17.7.34024.191
MinimumVisualStudioVersion = 10.0.40219.1
Project("{FAE04EC0-301F-11D3-BF4B-00C04F79EFBC}") = "2. Draw a shape", "2. Draw a shape.csproj", "{295AD170-F676-4456-8401-AB65E8122261}"
EndProject
Global
	GlobalSection(SolutionConfigurationPlatforms) = preSolution
		Debug|Any CPU = Debug|Any CPU
		Release|Any CPU = Release|Any CPU
	EndGlobalSection
	GlobalSection(ProjectConfigurationPlatforms) = postSolution
		{295AD170-F676-4456-8401-AB65E8122261}.Debug|Any CPU.ActiveCfg = Debug|Any CPU
		{295AD170-F676-4456-8401-AB65E8122261}.Debug|Any CPU.Build.0 = Debug|Any CPU
		{295AD170-F676-4456-8401-AB65E8122261}.Release|Any CPU.ActiveCfg = Release|Any CPU
		{295AD170-F676-4456-8401-AB65E8122261}.Release|Any CPU.Build.0 = Release|Any CPU
	EndGlobalSection
	GlobalSection(SolutionProperties) = preSolution
		HideSolutionNode = FALSE
	EndGlobalSection
	GlobalSection(ExtensibilityGlobals) = postSolution
		SolutionGuid = {E728837B-F229-41EE-93DB-803275EB4B68}
	EndGlobalSection
EndGlobal
